// !$*UTF8*$!
{
	archiveVersion = 1;
	classes = {
	};
	objectVersion = 50;
	objects = {

/* Begin PBXBuildFile section */
		4516668A26BCDA5A00A0826D /* Config.swift in Sources */ = {isa = PBXBuildFile; fileRef = 4516668926BCDA5A00A0826D /* Config.swift */; };
		4516668C26BCDC9B00A0826D /* NetworkManager.swift in Sources */ = {isa = PBXBuildFile; fileRef = 4516668B26BCDC9B00A0826D /* NetworkManager.swift */; };
		4516668E26BCE76400A0826D /* TramRoutesViewModel.swift in Sources */ = {isa = PBXBuildFile; fileRef = 4516668D26BCE76400A0826D /* TramRoutesViewModel.swift */; };
		45290519269D8A0F00525413 /* TramsApp.swift in Sources */ = {isa = PBXBuildFile; fileRef = 45290518269D8A0F00525413 /* TramsApp.swift */; };
		4529051B269D8A0F00525413 /* ContentView.swift in Sources */ = {isa = PBXBuildFile; fileRef = 4529051A269D8A0F00525413 /* ContentView.swift */; };
		4529051D269D8A1000525413 /* Assets.xcassets in Resources */ = {isa = PBXBuildFile; fileRef = 4529051C269D8A1000525413 /* Assets.xcassets */; };
		45290520269D8A1000525413 /* Preview Assets.xcassets in Resources */ = {isa = PBXBuildFile; fileRef = 4529051F269D8A1000525413 /* Preview Assets.xcassets */; };
		4529052A269D8BAE00525413 /* TramDashboardView.swift in Sources */ = {isa = PBXBuildFile; fileRef = 45290529269D8BAE00525413 /* TramDashboardView.swift */; };
		4529052C269D8D5800525413 /* Utilities.swift in Sources */ = {isa = PBXBuildFile; fileRef = 4529052B269D8D5800525413 /* Utilities.swift */; };
		452BF82726D90CF8004955B0 /* TramLineViewModel.swift in Sources */ = {isa = PBXBuildFile; fileRef = 452BF82626D90CF8004955B0 /* TramLineViewModel.swift */; };
		4532862726A2B53E00099962 /* RouteView.swift in Sources */ = {isa = PBXBuildFile; fileRef = 4532862626A2B53E00099962 /* RouteView.swift */; };
		4549DF2A26AE7A16005A8BD7 /* TramModel.swift in Sources */ = {isa = PBXBuildFile; fileRef = 4549DF2926AE7A16005A8BD7 /* TramModel.swift */; };
/* End PBXBuildFile section */

/* Begin PBXFileReference section */
		4516668926BCDA5A00A0826D /* Config.swift */ = {isa = PBXFileReference; lastKnownFileType = sourcecode.swift; path = Config.swift; sourceTree = "<group>"; };
		4516668B26BCDC9B00A0826D /* NetworkManager.swift */ = {isa = PBXFileReference; lastKnownFileType = sourcecode.swift; path = NetworkManager.swift; sourceTree = "<group>"; };
		4516668D26BCE76400A0826D /* TramRoutesViewModel.swift */ = {isa = PBXFileReference; lastKnownFileType = sourcecode.swift; path = TramRoutesViewModel.swift; sourceTree = "<group>"; };
		45290515269D8A0F00525413 /* Trams.app */ = {isa = PBXFileReference; explicitFileType = wrapper.application; includeInIndex = 0; path = Trams.app; sourceTree = BUILT_PRODUCTS_DIR; };
		45290518269D8A0F00525413 /* TramsApp.swift */ = {isa = PBXFileReference; lastKnownFileType = sourcecode.swift; path = TramsApp.swift; sourceTree = "<group>"; };
		4529051A269D8A0F00525413 /* ContentView.swift */ = {isa = PBXFileReference; lastKnownFileType = sourcecode.swift; path = ContentView.swift; sourceTree = "<group>"; };
		4529051C269D8A1000525413 /* Assets.xcassets */ = {isa = PBXFileReference; lastKnownFileType = folder.assetcatalog; path = Assets.xcassets; sourceTree = "<group>"; };
		4529051F269D8A1000525413 /* Preview Assets.xcassets */ = {isa = PBXFileReference; lastKnownFileType = folder.assetcatalog; path = "Preview Assets.xcassets"; sourceTree = "<group>"; };
		45290521269D8A1000525413 /* Info.plist */ = {isa = PBXFileReference; lastKnownFileType = text.plist.xml; path = Info.plist; sourceTree = "<group>"; };
		45290529269D8BAE00525413 /* TramDashboardView.swift */ = {isa = PBXFileReference; lastKnownFileType = sourcecode.swift; path = TramDashboardView.swift; sourceTree = "<group>"; };
		4529052B269D8D5800525413 /* Utilities.swift */ = {isa = PBXFileReference; lastKnownFileType = sourcecode.swift; path = Utilities.swift; sourceTree = "<group>"; };
		452BF82626D90CF8004955B0 /* TramLineViewModel.swift */ = {isa = PBXFileReference; lastKnownFileType = sourcecode.swift; path = TramLineViewModel.swift; sourceTree = "<group>"; };
		4532862626A2B53E00099962 /* RouteView.swift */ = {isa = PBXFileReference; lastKnownFileType = sourcecode.swift; path = RouteView.swift; sourceTree = "<group>"; };
		4549DF2926AE7A16005A8BD7 /* TramModel.swift */ = {isa = PBXFileReference; lastKnownFileType = sourcecode.swift; path = TramModel.swift; sourceTree = "<group>"; };
/* End PBXFileReference section */

/* Begin PBXFrameworksBuildPhase section */
		45290512269D8A0F00525413 /* Frameworks */ = {
			isa = PBXFrameworksBuildPhase;
			buildActionMask = 2147483647;
			files = (
			);
			runOnlyForDeploymentPostprocessing = 0;
		};
/* End PBXFrameworksBuildPhase section */

/* Begin PBXGroup section */
		4529050C269D8A0F00525413 = {
			isa = PBXGroup;
			children = (
				45290517269D8A0F00525413 /* Trams */,
				45290516269D8A0F00525413 /* Products */,
			);
			sourceTree = "<group>";
		};
		45290516269D8A0F00525413 /* Products */ = {
			isa = PBXGroup;
			children = (
				45290515269D8A0F00525413 /* Trams.app */,
			);
			name = Products;
			sourceTree = "<group>";
		};
		45290517269D8A0F00525413 /* Trams */ = {
			isa = PBXGroup;
			children = (
				45290518269D8A0F00525413 /* TramsApp.swift */,
				452BF82626D90CF8004955B0 /* TramLineViewModel.swift */,
				4549DF2926AE7A16005A8BD7 /* TramModel.swift */,
				4529051A269D8A0F00525413 /* ContentView.swift */,
				45290529269D8BAE00525413 /* TramDashboardView.swift */,
				4532862626A2B53E00099962 /* RouteView.swift */,
				4529052B269D8D5800525413 /* Utilities.swift */,
				4516668926BCDA5A00A0826D /* Config.swift */,
				4516668B26BCDC9B00A0826D /* NetworkManager.swift */,
				4516668D26BCE76400A0826D /* TramRoutesViewModel.swift */,
				4529051C269D8A1000525413 /* Assets.xcassets */,
				45290521269D8A1000525413 /* Info.plist */,
				4529051E269D8A1000525413 /* Preview Content */,
			);
			path = Trams;
			sourceTree = "<group>";
		};
		4529051E269D8A1000525413 /* Preview Content */ = {
			isa = PBXGroup;
			children = (
				4529051F269D8A1000525413 /* Preview Assets.xcassets */,
			);
			path = "Preview Content";
			sourceTree = "<group>";
		};
/* End PBXGroup section */

/* Begin PBXNativeTarget section */
		45290514269D8A0F00525413 /* Trams */ = {
			isa = PBXNativeTarget;
			buildConfigurationList = 45290524269D8A1000525413 /* Build configuration list for PBXNativeTarget "Trams" */;
			buildPhases = (
				45290511269D8A0F00525413 /* Sources */,
				45290512269D8A0F00525413 /* Frameworks */,
				45290513269D8A0F00525413 /* Resources */,
			);
			buildRules = (
			);
			dependencies = (
			);
			name = Trams;
			productName = Trams;
			productReference = 45290515269D8A0F00525413 /* Trams.app */;
			productType = "com.apple.product-type.application";
		};
/* End PBXNativeTarget section */

/* Begin PBXProject section */
		4529050D269D8A0F00525413 /* Project object */ = {
			isa = PBXProject;
			attributes = {
				LastSwiftUpdateCheck = 1250;
				LastUpgradeCheck = 1250;
				TargetAttributes = {
					45290514269D8A0F00525413 = {
						CreatedOnToolsVersion = 12.5.1;
					};
				};
			};
			buildConfigurationList = 45290510269D8A0F00525413 /* Build configuration list for PBXProject "Trams" */;
			compatibilityVersion = "Xcode 9.3";
			developmentRegion = en;
			hasScannedForEncodings = 0;
			knownRegions = (
				en,
				Base,
			);
			mainGroup = 4529050C269D8A0F00525413;
			productRefGroup = 45290516269D8A0F00525413 /* Products */;
			projectDirPath = "";
			projectRoot = "";
			targets = (
				45290514269D8A0F00525413 /* Trams */,
			);
		};
/* End PBXProject section */

/* Begin PBXResourcesBuildPhase section */
		45290513269D8A0F00525413 /* Resources */ = {
			isa = PBXResourcesBuildPhase;
			buildActionMask = 2147483647;
			files = (
				45290520269D8A1000525413 /* Preview Assets.xcassets in Resources */,
				4529051D269D8A1000525413 /* Assets.xcassets in Resources */,
			);
			runOnlyForDeploymentPostprocessing = 0;
		};
/* End PBXResourcesBuildPhase section */

/* Begin PBXSourcesBuildPhase section */
		45290511269D8A0F00525413 /* Sources */ = {
			isa = PBXSourcesBuildPhase;
			buildActionMask = 2147483647;
			files = (
				4529051B269D8A0F00525413 /* ContentView.swift in Sources */,
				4532862726A2B53E00099962 /* RouteView.swift in Sources */,
				452BF82726D90CF8004955B0 /* TramLineViewModel.swift in Sources */,
				4529052A269D8BAE00525413 /* TramDashboardView.swift in Sources */,
				4516668A26BCDA5A00A0826D /* Config.swift in Sources */,
				4516668C26BCDC9B00A0826D /* NetworkManager.swift in Sources */,
				4529052C269D8D5800525413 /* Utilities.swift in Sources */,
				45290519269D8A0F00525413 /* TramsApp.swift in Sources */,
				4549DF2A26AE7A16005A8BD7 /* TramModel.swift in Sources */,
				4516668E26BCE76400A0826D /* TramRoutesViewModel.swift in Sources */,
			);
			runOnlyForDeploymentPostprocessing = 0;
		};
/* End PBXSourcesBuildPhase section */

/* Begin XCBuildConfiguration section */
		45290522269D8A1000525413 /* Debug */ = {
			isa = XCBuildConfiguration;
			buildSettings = {
				ALWAYS_SEARCH_USER_PATHS = NO;
				CLANG_ANALYZER_NONNULL = YES;
				CLANG_ANALYZER_NUMBER_OBJECT_CONVERSION = YES_AGGRESSIVE;
				CLANG_CXX_LANGUAGE_STANDARD = "gnu++14";
				CLANG_CXX_LIBRARY = "libc++";
				CLANG_ENABLE_MODULES = YES;
				CLANG_ENABLE_OBJC_ARC = YES;
				CLANG_ENABLE_OBJC_WEAK = YES;
				CLANG_WARN_BLOCK_CAPTURE_AUTORELEASING = YES;
				CLANG_WARN_BOOL_CONVERSION = YES;
				CLANG_WARN_COMMA = YES;
				CLANG_WARN_CONSTANT_CONVERSION = YES;
				CLANG_WARN_DEPRECATED_OBJC_IMPLEMENTATIONS = YES;
				CLANG_WARN_DIRECT_OBJC_ISA_USAGE = YES_ERROR;
				CLANG_WARN_DOCUMENTATION_COMMENTS = YES;
				CLANG_WARN_EMPTY_BODY = YES;
				CLANG_WARN_ENUM_CONVERSION = YES;
				CLANG_WARN_INFINITE_RECURSION = YES;
				CLANG_WARN_INT_CONVERSION = YES;
				CLANG_WARN_NON_LITERAL_NULL_CONVERSION = YES;
				CLANG_WARN_OBJC_IMPLICIT_RETAIN_SELF = YES;
				CLANG_WARN_OBJC_LITERAL_CONVERSION = YES;
				CLANG_WARN_OBJC_ROOT_CLASS = YES_ERROR;
				CLANG_WARN_QUOTED_INCLUDE_IN_FRAMEWORK_HEADER = YES;
				CLANG_WARN_RANGE_LOOP_ANALYSIS = YES;
				CLANG_WARN_STRICT_PROTOTYPES = YES;
				CLANG_WARN_SUSPICIOUS_MOVE = YES;
				CLANG_WARN_UNGUARDED_AVAILABILITY = YES_AGGRESSIVE;
				CLANG_WARN_UNREACHABLE_CODE = YES;
				CLANG_WARN__DUPLICATE_METHOD_MATCH = YES;
				COPY_PHASE_STRIP = NO;
				DEBUG_INFORMATION_FORMAT = dwarf;
				ENABLE_STRICT_OBJC_MSGSEND = YES;
				ENABLE_TESTABILITY = YES;
				GCC_C_LANGUAGE_STANDARD = gnu11;
				GCC_DYNAMIC_NO_PIC = NO;
				GCC_NO_COMMON_BLOCKS = YES;
				GCC_OPTIMIZATION_LEVEL = 0;
				GCC_PREPROCESSOR_DEFINITIONS = (
					"DEBUG=1",
					"$(inherited)",
				);
				GCC_WARN_64_TO_32_BIT_CONVERSION = YES;
				GCC_WARN_ABOUT_RETURN_TYPE = YES_ERROR;
				GCC_WARN_UNDECLARED_SELECTOR = YES;
				GCC_WARN_UNINITIALIZED_AUTOS = YES_AGGRESSIVE;
				GCC_WARN_UNUSED_FUNCTION = YES;
				GCC_WARN_UNUSED_VARIABLE = YES;
				IPHONEOS_DEPLOYMENT_TARGET = 14.5;
				MTL_ENABLE_DEBUG_INFO = INCLUDE_SOURCE;
				MTL_FAST_MATH = YES;
				ONLY_ACTIVE_ARCH = YES;
				SDKROOT = iphoneos;
				SWIFT_ACTIVE_COMPILATION_CONDITIONS = DEBUG;
				SWIFT_OPTIMIZATION_LEVEL = "-Onone";
			};
			name = Debug;
		};
		45290523269D8A1000525413 /* Release */ = {
			isa = XCBuildConfiguration;
			buildSettings = {
				ALWAYS_SEARCH_USER_PATHS = NO;
				CLANG_ANALYZER_NONNULL = YES;
				CLANG_ANALYZER_NUMBER_OBJECT_CONVERSION = YES_AGGRESSIVE;
				CLANG_CXX_LANGUAGE_STANDARD = "gnu++14";
				CLANG_CXX_LIBRARY = "libc++";
				CLANG_ENABLE_MODULES = YES;
				CLANG_ENABLE_OBJC_ARC = YES;
				CLANG_ENABLE_OBJC_WEAK = YES;
				CLANG_WARN_BLOCK_CAPTURE_AUTORELEASING = YES;
				CLANG_WARN_BOOL_CONVERSION = YES;
				CLANG_WARN_COMMA = YES;
				CLANG_WARN_CONSTANT_CONVERSION = YES;
				CLANG_WARN_DEPRECATED_OBJC_IMPLEMENTATIONS = YES;
				CLANG_WARN_DIRECT_OBJC_ISA_USAGE = YES_ERROR;
				CLANG_WARN_DOCUMENTATION_COMMENTS = YES;
				CLANG_WARN_EMPTY_BODY = YES;
				CLANG_WARN_ENUM_CONVERSION = YES;
				CLANG_WARN_INFINITE_RECURSION = YES;
				CLANG_WARN_INT_CONVERSION = YES;
				CLANG_WARN_NON_LITERAL_NULL_CONVERSION = YES;
				CLANG_WARN_OBJC_IMPLICIT_RETAIN_SELF = YES;
				CLANG_WARN_OBJC_LITERAL_CONVERSION = YES;
				CLANG_WARN_OBJC_ROOT_CLASS = YES_ERROR;
				CLANG_WARN_QUOTED_INCLUDE_IN_FRAMEWORK_HEADER = YES;
				CLANG_WARN_RANGE_LOOP_ANALYSIS = YES;
				CLANG_WARN_STRICT_PROTOTYPES = YES;
				CLANG_WARN_SUSPICIOUS_MOVE = YES;
				CLANG_WARN_UNGUARDED_AVAILABILITY = YES_AGGRESSIVE;
				CLANG_WARN_UNREACHABLE_CODE = YES;
				CLANG_WARN__DUPLICATE_METHOD_MATCH = YES;
				COPY_PHASE_STRIP = NO;
				DEBUG_INFORMATION_FORMAT = "dwarf-with-dsym";
				ENABLE_NS_ASSERTIONS = NO;
				ENABLE_STRICT_OBJC_MSGSEND = YES;
				GCC_C_LANGUAGE_STANDARD = gnu11;
				GCC_NO_COMMON_BLOCKS = YES;
				GCC_WARN_64_TO_32_BIT_CONVERSION = YES;
				GCC_WARN_ABOUT_RETURN_TYPE = YES_ERROR;
				GCC_WARN_UNDECLARED_SELECTOR = YES;
				GCC_WARN_UNINITIALIZED_AUTOS = YES_AGGRESSIVE;
				GCC_WARN_UNUSED_FUNCTION = YES;
				GCC_WARN_UNUSED_VARIABLE = YES;
				IPHONEOS_DEPLOYMENT_TARGET = 14.5;
				MTL_ENABLE_DEBUG_INFO = NO;
				MTL_FAST_MATH = YES;
				SDKROOT = iphoneos;
				SWIFT_COMPILATION_MODE = wholemodule;
				SWIFT_OPTIMIZATION_LEVEL = "-O";
				VALIDATE_PRODUCT = YES;
			};
			name = Release;
		};
		45290525269D8A1000525413 /* Debug */ = {
			isa = XCBuildConfiguration;
			buildSettings = {
				ASSETCATALOG_COMPILER_APPICON_NAME = AppIcon;
				ASSETCATALOG_COMPILER_GLOBAL_ACCENT_COLOR_NAME = AccentColor;
				CODE_SIGN_STYLE = Automatic;
				DEVELOPMENT_ASSET_PATHS = "\"Trams/Preview Content\"";
				DEVELOPMENT_TEAM = 58QL7E6Z98;
				ENABLE_PREVIEWS = YES;
				INFOPLIST_FILE = Trams/Info.plist;
				IPHONEOS_DEPLOYMENT_TARGET = 15.0;
				LD_RUNPATH_SEARCH_PATHS = (
					"$(inherited)",
					"@executable_path/Frameworks",
				);
				PRODUCT_BUNDLE_IDENTIFIER = itemic.Trams;
				PRODUCT_NAME = "$(TARGET_NAME)";
				SWIFT_VERSION = 5.0;
				TARGETED_DEVICE_FAMILY = "1,2";
			};
			name = Debug;
		};
		45290526269D8A1000525413 /* Release */ = {
			isa = XCBuildConfiguration;
			buildSettings = {
				ASSETCATALOG_COMPILER_APPICON_NAME = AppIcon;
				ASSETCATALOG_COMPILER_GLOBAL_ACCENT_COLOR_NAME = AccentColor;
				CODE_SIGN_STYLE = Automatic;
				DEVELOPMENT_ASSET_PATHS = "\"Trams/Preview Content\"";
				DEVELOPMENT_TEAM = 58QL7E6Z98;
				ENABLE_PREVIEWS = YES;
				INFOPLIST_FILE = Trams/Info.plist;
				IPHONEOS_DEPLOYMENT_TARGET = 15.0;
				LD_RUNPATH_SEARCH_PATHS = (
					"$(inherited)",
					"@executable_path/Frameworks",
				);
				PRODUCT_BUNDLE_IDENTIFIER = itemic.Trams;
				PRODUCT_NAME = "$(TARGET_NAME)";
				SWIFT_VERSION = 5.0;
				TARGETED_DEVICE_FAMILY = "1,2";
			};
			name = Release;
		};
/* End XCBuildConfiguration section */

/* Begin XCConfigurationList section */
		45290510269D8A0F00525413 /* Build configuration list for PBXProject "Trams" */ = {
			isa = XCConfigurationList;
			buildConfigurations = (
				45290522269D8A1000525413 /* Debug */,
				45290523269D8A1000525413 /* Release */,
			);
			defaultConfigurationIsVisible = 0;
			defaultConfigurationName = Release;
		};
		45290524269D8A1000525413 /* Build configuration list for PBXNativeTarget "Trams" */ = {
			isa = XCConfigurationList;
			buildConfigurations = (
				45290525269D8A1000525413 /* Debug */,
				45290526269D8A1000525413 /* Release */,
			);
			defaultConfigurationIsVisible = 0;
			defaultConfigurationName = Release;
		};
/* End XCConfigurationList section */
	};
	rootObject = 4529050D269D8A0F00525413 /* Project object */;
}
